
Microsoft Visual Studio Solution File, Format Version 12.00
# Visual Studio 15
VisualStudioVersion = 15.0.28307.329
MinimumVisualStudioVersion = 10.0.40219.1
Project("{FAE04EC0-301F-11D3-BF4B-00C04F79EFBC}") = "DataAccesLayer", "DataAccesLayer\DataAccesLayer.csproj", "{7909B934-4329-4CDD-B5AF-2755F0052D2C}"
EndProject
Project("{9A19103F-16F7-4668-BE54-9A1E7A4F7556}") = "LibraryWebAPI", "LibraryWebAPI\LibraryWebAPI.csproj", "{F7160A6D-E966-4BA1-A710-EE91EAA652A5}"
EndProject
Global
	GlobalSection(SolutionConfigurationPlatforms) = preSolution
		Debug|Any CPU = Debug|Any CPU
		Release|Any CPU = Release|Any CPU
	EndGlobalSection
	GlobalSection(ProjectConfigurationPlatforms) = postSolution
		{7909B934-4329-4CDD-B5AF-2755F0052D2C}.Debug|Any CPU.ActiveCfg = Debug|Any CPU
		{7909B934-4329-4CDD-B5AF-2755F0052D2C}.Debug|Any CPU.Build.0 = Debug|Any CPU
		{7909B934-4329-4CDD-B5AF-2755F0052D2C}.Release|Any CPU.ActiveCfg = Release|Any CPU
		{7909B934-4329-4CDD-B5AF-2755F0052D2C}.Release|Any CPU.Build.0 = Release|Any CPU
		{F7160A6D-E966-4BA1-A710-EE91EAA652A5}.Debug|Any CPU.ActiveCfg = Debug|Any CPU
		{F7160A6D-E966-4BA1-A710-EE91EAA652A5}.Debug|Any CPU.Build.0 = Debug|Any CPU
		{F7160A6D-E966-4BA1-A710-EE91EAA652A5}.Release|Any CPU.ActiveCfg = Release|Any CPU
		{F7160A6D-E966-4BA1-A710-EE91EAA652A5}.Release|Any CPU.Build.0 = Release|Any CPU
	EndGlobalSection
	GlobalSection(SolutionProperties) = preSolution
		HideSolutionNode = FALSE
	EndGlobalSection
	GlobalSection(ExtensibilityGlobals) = postSolution
		SolutionGuid = {97EAE3AA-8C27-4F05-AED9-C8D730777F44}
	EndGlobalSection
EndGlobal
